
Microsoft Visual Studio Solution File, Format Version 12.00
# Visual Studio 2012
Project("{FAE04EC0-301F-11D3-BF4B-00C04F79EFBC}") = "Servya", "Servya\Servya.csproj", "{1CC8E373-326F-4CA9-BF80-E28180580747}"
EndProject
Project("{FAE04EC0-301F-11D3-BF4B-00C04F79EFBC}") = "Servya.Http", "Servya.Http\Servya.Http.csproj", "{8D440E3F-3F48-4130-B65A-89263AEDBFC6}"
EndProject
Global
	GlobalSection(SolutionConfigurationPlatforms) = preSolution
		Debug|Any CPU = Debug|Any CPU
		Release|Any CPU = Release|Any CPU
	EndGlobalSection
	GlobalSection(ProjectConfigurationPlatforms) = postSolution
		{1CC8E373-326F-4CA9-BF80-E28180580747}.Debug|Any CPU.ActiveCfg = Debug|Any CPU
		{1CC8E373-326F-4CA9-BF80-E28180580747}.Debug|Any CPU.Build.0 = Debug|Any CPU
		{1CC8E373-326F-4CA9-BF80-E28180580747}.Release|Any CPU.ActiveCfg = Release|Any CPU
		{1CC8E373-326F-4CA9-BF80-E28180580747}.Release|Any CPU.Build.0 = Release|Any CPU
		{8D440E3F-3F48-4130-B65A-89263AEDBFC6}.Debug|Any CPU.ActiveCfg = Debug|Any CPU
		{8D440E3F-3F48-4130-B65A-89263AEDBFC6}.Debug|Any CPU.Build.0 = Debug|Any CPU
		{8D440E3F-3F48-4130-B65A-89263AEDBFC6}.Release|Any CPU.ActiveCfg = Release|Any CPU
		{8D440E3F-3F48-4130-B65A-89263AEDBFC6}.Release|Any CPU.Build.0 = Release|Any CPU
	EndGlobalSection
EndGlobal
